
Microsoft Visual Studio Solution File, Format Version 12.00
# Visual Studio Version 17
VisualStudioVersion = 17.5.002.0
MinimumVisualStudioVersion = 10.0.40219.1
Project("{9A19103F-16F7-4668-BE54-9A1E7A4F7556}") = "program2", "program2.csproj", "{D47F9B57-7EE5-4CB5-A67F-6993C01EA008}"
EndProject
Global
	GlobalSection(SolutionConfigurationPlatforms) = preSolution
		Debug|Any CPU = Debug|Any CPU
		Release|Any CPU = Release|Any CPU
	EndGlobalSection
	GlobalSection(ProjectConfigurationPlatforms) = postSolution
		{D47F9B57-7EE5-4CB5-A67F-6993C01EA008}.Debug|Any CPU.ActiveCfg = Debug|Any CPU
		{D47F9B57-7EE5-4CB5-A67F-6993C01EA008}.Debug|Any CPU.Build.0 = Debug|Any CPU
		{D47F9B57-7EE5-4CB5-A67F-6993C01EA008}.Release|Any CPU.ActiveCfg = Release|Any CPU
		{D47F9B57-7EE5-4CB5-A67F-6993C01EA008}.Release|Any CPU.Build.0 = Release|Any CPU
	EndGlobalSection
	GlobalSection(SolutionProperties) = preSolution
		HideSolutionNode = FALSE
	EndGlobalSection
	GlobalSection(ExtensibilityGlobals) = postSolution
		SolutionGuid = {4C343FDC-83C8-46A0-9813-8731E1B0B32D}
	EndGlobalSection
EndGlobal
